
Microsoft Visual Studio Solution File, Format Version 12.00
# Visual Studio 15
Project("{FAE04EC0-301F-11D3-BF4B-00C04F79EFBC}") = "Assembly-CSharp", "Assembly-CSharp.csproj", "{8510094A-6B6C-AF3A-E21C-EEE3724F3216}"
EndProject
Project("{FAE04EC0-301F-11D3-BF4B-00C04F79EFBC}") = "Assembly-CSharp", "Assembly-CSharp.Player.csproj", "{16476DED-C93E-59BA-5FD7-E6520C936DD8}"
EndProject
Global
	GlobalSection(SolutionConfigurationPlatforms) = preSolution
		Debug|Any CPU = Debug|Any CPU
		Release|Any CPU = Release|Any CPU
	EndGlobalSection
	GlobalSection(ProjectConfigurationPlatforms) = postSolution
		{8510094A-6B6C-AF3A-E21C-EEE3724F3216}.Debug|Any CPU.ActiveCfg = Debug|Any CPU
		{8510094A-6B6C-AF3A-E21C-EEE3724F3216}.Debug|Any CPU.Build.0 = Debug|Any CPU
		{8510094A-6B6C-AF3A-E21C-EEE3724F3216}.Release|Any CPU.ActiveCfg = Release|Any CPU
		{8510094A-6B6C-AF3A-E21C-EEE3724F3216}.Release|Any CPU.Build.0 = Release|Any CPU
		{16476DED-C93E-59BA-5FD7-E6520C936DD8}.Debug|Any CPU.ActiveCfg = Debug|Any CPU
		{16476DED-C93E-59BA-5FD7-E6520C936DD8}.Debug|Any CPU.Build.0 = Debug|Any CPU
		{16476DED-C93E-59BA-5FD7-E6520C936DD8}.Release|Any CPU.ActiveCfg = Release|Any CPU
		{16476DED-C93E-59BA-5FD7-E6520C936DD8}.Release|Any CPU.Build.0 = Release|Any CPU
	EndGlobalSection
	GlobalSection(SolutionProperties) = preSolution
		HideSolutionNode = FALSE
	EndGlobalSection
EndGlobal
